
Microsoft Visual Studio Solution File, Format Version 12.00
# Visual Studio 15
VisualStudioVersion = 15.0.28307.757
MinimumVisualStudioVersion = 10.0.40219.1
Project("{2150E333-8FDC-42A3-9474-1A3956D46DE8}") = "KSoft.BCL", "KSoft.BCL", "{29A6065E-B7E7-43B1-BC6D-102F17ED9643}"
EndProject
Project("{FAE04EC0-301F-11D3-BF4B-00C04F79EFBC}") = "KSoft.T4", "KSoft\KSoft.T4\KSoft.T4.csproj", "{17AB134C-9C71-4CCF-84D9-D90F6DD58A0A}"
EndProject
Project("{FAE04EC0-301F-11D3-BF4B-00C04F79EFBC}") = "KSoft", "KSoft\KSoft\KSoft.csproj", "{EB07F515-E27C-4768-8BD8-2829F657807E}"
EndProject
Project("{FAE04EC0-301F-11D3-BF4B-00C04F79EFBC}") = "KSoft.Compression", "KSoft\KSoft.Compression\KSoft.Compression.csproj", "{0B27603C-CEB1-4A3A-B56F-CBC14B8C06E7}"
EndProject
Project("{FAE04EC0-301F-11D3-BF4B-00C04F79EFBC}") = "KSoft.IO.TagElementStreams", "KSoft\KSoft.IO.TagElementStreams\KSoft.IO.TagElementStreams.csproj", "{18F32228-8351-4F99-992F-78E9D1CE83D9}"
EndProject
Project("{FAE04EC0-301F-11D3-BF4B-00C04F79EFBC}") = "KSoft.Math", "KSoft\KSoft.Math\KSoft.Math.csproj", "{423F13FC-DA0C-4C82-B75E-60A1BFEA7BB6}"
EndProject
Project("{FAE04EC0-301F-11D3-BF4B-00C04F79EFBC}") = "KSoft.Security", "KSoft\KSoft.Security\KSoft.Security.csproj", "{0632A00B-DE9E-4350-A3F8-3A82F9C780AF}"
EndProject
Project("{FAE04EC0-301F-11D3-BF4B-00C04F79EFBC}") = "KSoft.WPF", "KSoft\KSoft.WPF\KSoft.WPF.csproj", "{8BC67689-8BAA-480E-B2C1-03590AB79259}"
EndProject
Project("{FAE04EC0-301F-11D3-BF4B-00C04F79EFBC}") = "Test.KSoft.BCL", "KSoft\Test.KSoft.BCL\Test.KSoft.BCL.csproj", "{90C78A94-73EC-46FA-8F1A-F744764D5E65}"
EndProject
Project("{2150E333-8FDC-42A3-9474-1A3956D46DE8}") = "Games", "Games", "{4F90708D-4F88-4F56-BC04-9C848CED1C9A}"
EndProject
Project("{FAE04EC0-301F-11D3-BF4B-00C04F79EFBC}") = "KSoft.Wwise", "Games\Wwise\KSoft.Wwise\KSoft.Wwise.csproj", "{BDDEC955-6D39-4058-92E5-F1BF170F860F}"
EndProject
Project("{2150E333-8FDC-42A3-9474-1A3956D46DE8}") = "Phoenix", "Phoenix", "{2218BEA4-9F80-49EF-8AFD-7CA6B480CF8B}"
EndProject
Project("{FAE04EC0-301F-11D3-BF4B-00C04F79EFBC}") = "KSoft.Phoenix", "Games\Phoenix\KSoft.Phoenix\KSoft.Phoenix.csproj", "{3FD3A05A-4451-49D1-B38E-B897F3444754}"
EndProject
Project("{FAE04EC0-301F-11D3-BF4B-00C04F79EFBC}") = "Test.KSoft.Phoenix", "Games\Phoenix\Test.KSoft.Phoenix\Test.KSoft.Phoenix.csproj", "{FAB723AE-4CBF-4858-9D7D-14343F5CBACF}"
EndProject
Project("{FAE04EC0-301F-11D3-BF4B-00C04F79EFBC}") = "PhxTool", "Games\Phoenix\PhxTool\PhxTool.csproj", "{FF4C18C7-4F54-4FD9-8347-10AC805FD129}"
EndProject
Project("{FAE04EC0-301F-11D3-BF4B-00C04F79EFBC}") = "PhxGui", "Games\Phoenix\PhxGui\PhxGui.csproj", "{39F76124-673A-4DCE-AEAA-BD571AB38AAB}"
EndProject
Project("{FAE04EC0-301F-11D3-BF4B-00C04F79EFBC}") = "PhxStudio", "Games\PhxStudio\PhxStudio\PhxStudio.csproj", "{C643B043-00A2-4D8D-8F78-7E57E194B2E6}"
EndProject
Global
	GlobalSection(SolutionConfigurationPlatforms) = preSolution
		Debug|Any CPU = Debug|Any CPU
		Release|Any CPU = Release|Any CPU
	EndGlobalSection
	GlobalSection(ProjectConfigurationPlatforms) = postSolution
		{17AB134C-9C71-4CCF-84D9-D90F6DD58A0A}.Debug|Any CPU.ActiveCfg = Debug|Any CPU
		{17AB134C-9C71-4CCF-84D9-D90F6DD58A0A}.Debug|Any CPU.Build.0 = Debug|Any CPU
		{17AB134C-9C71-4CCF-84D9-D90F6DD58A0A}.Release|Any CPU.ActiveCfg = Release|Any CPU
		{17AB134C-9C71-4CCF-84D9-D90F6DD58A0A}.Release|Any CPU.Build.0 = Release|Any CPU
		{EB07F515-E27C-4768-8BD8-2829F657807E}.Debug|Any CPU.ActiveCfg = Debug|Any CPU
		{EB07F515-E27C-4768-8BD8-2829F657807E}.Debug|Any CPU.Build.0 = Debug|Any CPU
		{EB07F515-E27C-4768-8BD8-2829F657807E}.Release|Any CPU.ActiveCfg = Release|Any CPU
		{EB07F515-E27C-4768-8BD8-2829F657807E}.Release|Any CPU.Build.0 = Release|Any CPU
		{0B27603C-CEB1-4A3A-B56F-CBC14B8C06E7}.Debug|Any CPU.ActiveCfg = Debug|Any CPU
		{0B27603C-CEB1-4A3A-B56F-CBC14B8C06E7}.Debug|Any CPU.Build.0 = Debug|Any CPU
		{0B27603C-CEB1-4A3A-B56F-CBC14B8C06E7}.Release|Any CPU.ActiveCfg = Release|Any CPU
		{0B27603C-CEB1-4A3A-B56F-CBC14B8C06E7}.Release|Any CPU.Build.0 = Release|Any CPU
		{18F32228-8351-4F99-992F-78E9D1CE83D9}.Debug|Any CPU.ActiveCfg = Debug|Any CPU
		{18F32228-8351-4F99-992F-78E9D1CE83D9}.Debug|Any CPU.Build.0 = Debug|Any CPU
		{18F32228-8351-4F99-992F-78E9D1CE83D9}.Release|Any CPU.ActiveCfg = Release|Any CPU
		{18F32228-8351-4F99-992F-78E9D1CE83D9}.Release|Any CPU.Build.0 = Release|Any CPU
		{423F13FC-DA0C-4C82-B75E-60A1BFEA7BB6}.Debug|Any CPU.ActiveCfg = Debug|Any CPU
		{423F13FC-DA0C-4C82-B75E-60A1BFEA7BB6}.Debug|Any CPU.Build.0 = Debug|Any CPU
		{423F13FC-DA0C-4C82-B75E-60A1BFEA7BB6}.Release|Any CPU.ActiveCfg = Release|Any CPU
		{423F13FC-DA0C-4C82-B75E-60A1BFEA7BB6}.Release|Any CPU.Build.0 = Release|Any CPU
		{0632A00B-DE9E-4350-A3F8-3A82F9C780AF}.Debug|Any CPU.ActiveCfg = Debug|Any CPU
		{0632A00B-DE9E-4350-A3F8-3A82F9C780AF}.Debug|Any CPU.Build.0 = Debug|Any CPU
		{0632A00B-DE9E-4350-A3F8-3A82F9C780AF}.Release|Any CPU.ActiveCfg = Release|Any CPU
		{0632A00B-DE9E-4350-A3F8-3A82F9C780AF}.Release|Any CPU.Build.0 = Release|Any CPU
		{8BC67689-8BAA-480E-B2C1-03590AB79259}.Debug|Any CPU.ActiveCfg = Debug|Any CPU
		{8BC67689-8BAA-480E-B2C1-03590AB79259}.Debug|Any CPU.Build.0 = Debug|Any CPU
		{8BC67689-8BAA-480E-B2C1-03590AB79259}.Release|Any CPU.ActiveCfg = Release|Any CPU
		{8BC67689-8BAA-480E-B2C1-03590AB79259}.Release|Any CPU.Build.0 = Release|Any CPU
		{90C78A94-73EC-46FA-8F1A-F744764D5E65}.Debug|Any CPU.ActiveCfg = Debug|Any CPU
		{90C78A94-73EC-46FA-8F1A-F744764D5E65}.Debug|Any CPU.Build.0 = Debug|Any CPU
		{90C78A94-73EC-46FA-8F1A-F744764D5E65}.Release|Any CPU.ActiveCfg = Release|Any CPU
		{90C78A94-73EC-46FA-8F1A-F744764D5E65}.Release|Any CPU.Build.0 = Release|Any CPU
		{BDDEC955-6D39-4058-92E5-F1BF170F860F}.Debug|Any CPU.ActiveCfg = Debug|Any CPU
		{BDDEC955-6D39-4058-92E5-F1BF170F860F}.Debug|Any CPU.Build.0 = Debug|Any CPU
		{BDDEC955-6D39-4058-92E5-F1BF170F860F}.Release|Any CPU.ActiveCfg = Release|Any CPU
		{BDDEC955-6D39-4058-92E5-F1BF170F860F}.Release|Any CPU.Build.0 = Release|Any CPU
		{3FD3A05A-4451-49D1-B38E-B897F3444754}.Debug|Any CPU.ActiveCfg = Debug|Any CPU
		{3FD3A05A-4451-49D1-B38E-B897F3444754}.Debug|Any CPU.Build.0 = Debug|Any CPU
		{3FD3A05A-4451-49D1-B38E-B897F3444754}.Release|Any CPU.ActiveCfg = Release|Any CPU
		{3FD3A05A-4451-49D1-B38E-B897F3444754}.Release|Any CPU.Build.0 = Release|Any CPU
		{FAB723AE-4CBF-4858-9D7D-14343F5CBACF}.Debug|Any CPU.ActiveCfg = Debug|Any CPU
		{FAB723AE-4CBF-4858-9D7D-14343F5CBACF}.Debug|Any CPU.Build.0 = Debug|Any CPU
		{FAB723AE-4CBF-4858-9D7D-14343F5CBACF}.Release|Any CPU.ActiveCfg = Release|Any CPU
		{FAB723AE-4CBF-4858-9D7D-14343F5CBACF}.Release|Any CPU.Build.0 = Release|Any CPU
		{FF4C18C7-4F54-4FD9-8347-10AC805FD129}.Debug|Any CPU.ActiveCfg = Debug|Any CPU
		{FF4C18C7-4F54-4FD9-8347-10AC805FD129}.Debug|Any CPU.Build.0 = Debug|Any CPU
		{FF4C18C7-4F54-4FD9-8347-10AC805FD129}.Release|Any CPU.ActiveCfg = Release|Any CPU
		{FF4C18C7-4F54-4FD9-8347-10AC805FD129}.Release|Any CPU.Build.0 = Release|Any CPU
		{39F76124-673A-4DCE-AEAA-BD571AB38AAB}.Debug|Any CPU.ActiveCfg = Debug|Any CPU
		{39F76124-673A-4DCE-AEAA-BD571AB38AAB}.Debug|Any CPU.Build.0 = Debug|Any CPU
		{39F76124-673A-4DCE-AEAA-BD571AB38AAB}.Release|Any CPU.ActiveCfg = Release|Any CPU
		{39F76124-673A-4DCE-AEAA-BD571AB38AAB}.Release|Any CPU.Build.0 = Release|Any CPU
		{C643B043-00A2-4D8D-8F78-7E57E194B2E6}.Debug|Any CPU.ActiveCfg = Debug|Any CPU
		{C643B043-00A2-4D8D-8F78-7E57E194B2E6}.Debug|Any CPU.Build.0 = Debug|Any CPU
		{C643B043-00A2-4D8D-8F78-7E57E194B2E6}.Release|Any CPU.ActiveCfg = Release|Any CPU
		{C643B043-00A2-4D8D-8F78-7E57E194B2E6}.Release|Any CPU.Build.0 = Release|Any CPU
	EndGlobalSection
	GlobalSection(SolutionProperties) = preSolution
		HideSolutionNode = FALSE
	EndGlobalSection
	GlobalSection(NestedProjects) = preSolution
		{17AB134C-9C71-4CCF-84D9-D90F6DD58A0A} = {29A6065E-B7E7-43B1-BC6D-102F17ED9643}
		{EB07F515-E27C-4768-8BD8-2829F657807E} = {29A6065E-B7E7-43B1-BC6D-102F17ED9643}
		{0B27603C-CEB1-4A3A-B56F-CBC14B8C06E7} = {29A6065E-B7E7-43B1-BC6D-102F17ED9643}
		{18F32228-8351-4F99-992F-78E9D1CE83D9} = {29A6065E-B7E7-43B1-BC6D-102F17ED9643}
		{423F13FC-DA0C-4C82-B75E-60A1BFEA7BB6} = {29A6065E-B7E7-43B1-BC6D-102F17ED9643}
		{0632A00B-DE9E-4350-A3F8-3A82F9C780AF} = {29A6065E-B7E7-43B1-BC6D-102F17ED9643}
		{8BC67689-8BAA-480E-B2C1-03590AB79259} = {29A6065E-B7E7-43B1-BC6D-102F17ED9643}
		{90C78A94-73EC-46FA-8F1A-F744764D5E65} = {29A6065E-B7E7-43B1-BC6D-102F17ED9643}
		{BDDEC955-6D39-4058-92E5-F1BF170F860F} = {4F90708D-4F88-4F56-BC04-9C848CED1C9A}
		{2218BEA4-9F80-49EF-8AFD-7CA6B480CF8B} = {4F90708D-4F88-4F56-BC04-9C848CED1C9A}
		{3FD3A05A-4451-49D1-B38E-B897F3444754} = {2218BEA4-9F80-49EF-8AFD-7CA6B480CF8B}
		{FAB723AE-4CBF-4858-9D7D-14343F5CBACF} = {2218BEA4-9F80-49EF-8AFD-7CA6B480CF8B}
		{FF4C18C7-4F54-4FD9-8347-10AC805FD129} = {2218BEA4-9F80-49EF-8AFD-7CA6B480CF8B}
		{39F76124-673A-4DCE-AEAA-BD571AB38AAB} = {2218BEA4-9F80-49EF-8AFD-7CA6B480CF8B}
		{C643B043-00A2-4D8D-8F78-7E57E194B2E6} = {2218BEA4-9F80-49EF-8AFD-7CA6B480CF8B}
	EndGlobalSection
	GlobalSection(ExtensibilityGlobals) = postSolution
		SolutionGuid = {E24408DF-898C-4398-BD80-98D569068BF7}
	EndGlobalSection
EndGlobal
